
Microsoft Visual Studio Solution File, Format Version 12.00
# Visual Studio 15
VisualStudioVersion = 15.0.27130.2027
MinimumVisualStudioVersion = 10.0.40219.1
Project("{FAE04EC0-301F-11D3-BF4B-00C04F79EFBC}") = "AdamSkowronskiLab3", "AdamSkowronskiLab3\AdamSkowronskiLab3.csproj", "{F2800F39-78A7-4239-A7D2-C65E2488E082}"
EndProject
Global
	GlobalSection(SolutionConfigurationPlatforms) = preSolution
		Debug|Any CPU = Debug|Any CPU
		Release|Any CPU = Release|Any CPU
	EndGlobalSection
	GlobalSection(ProjectConfigurationPlatforms) = postSolution
		{F2800F39-78A7-4239-A7D2-C65E2488E082}.Debug|Any CPU.ActiveCfg = Debug|Any CPU
		{F2800F39-78A7-4239-A7D2-C65E2488E082}.Debug|Any CPU.Build.0 = Debug|Any CPU
		{F2800F39-78A7-4239-A7D2-C65E2488E082}.Release|Any CPU.ActiveCfg = Release|Any CPU
		{F2800F39-78A7-4239-A7D2-C65E2488E082}.Release|Any CPU.Build.0 = Release|Any CPU
	EndGlobalSection
	GlobalSection(SolutionProperties) = preSolution
		HideSolutionNode = FALSE
	EndGlobalSection
	GlobalSection(ExtensibilityGlobals) = postSolution
		SolutionGuid = {E23D801C-A5D0-4617-B9C6-204529CAA352}
	EndGlobalSection
EndGlobal
