
Microsoft Visual Studio Solution File, Format Version 12.00
# Visual Studio 15
VisualStudioVersion = 15.0.27130.2027
MinimumVisualStudioVersion = 10.0.40219.1
Project("{FAE04EC0-301F-11D3-BF4B-00C04F79EFBC}") = "AdamSkowronskiLab2", "AdamSkowronskiLab2\AdamSkowronskiLab2.csproj", "{46C92217-C468-4A53-BC37-62E760AA5533}"
EndProject
Global
	GlobalSection(SolutionConfigurationPlatforms) = preSolution
		Debug|Any CPU = Debug|Any CPU
		Release|Any CPU = Release|Any CPU
	EndGlobalSection
	GlobalSection(ProjectConfigurationPlatforms) = postSolution
		{46C92217-C468-4A53-BC37-62E760AA5533}.Debug|Any CPU.ActiveCfg = Debug|Any CPU
		{46C92217-C468-4A53-BC37-62E760AA5533}.Debug|Any CPU.Build.0 = Debug|Any CPU
		{46C92217-C468-4A53-BC37-62E760AA5533}.Release|Any CPU.ActiveCfg = Release|Any CPU
		{46C92217-C468-4A53-BC37-62E760AA5533}.Release|Any CPU.Build.0 = Release|Any CPU
	EndGlobalSection
	GlobalSection(SolutionProperties) = preSolution
		HideSolutionNode = FALSE
	EndGlobalSection
	GlobalSection(ExtensibilityGlobals) = postSolution
		SolutionGuid = {BA28AC80-AC7B-4777-85BC-DFA3BBC3C5F8}
	EndGlobalSection
EndGlobal
