
Microsoft Visual Studio Solution File, Format Version 12.00
# Visual Studio 15
VisualStudioVersion = 15.0.27130.2027
MinimumVisualStudioVersion = 10.0.40219.1
Project("{FAE04EC0-301F-11D3-BF4B-00C04F79EFBC}") = "ZadanieDomowe1", "ZadanieDomowe1\ZadanieDomowe1.csproj", "{0F4239B5-8CEB-446B-A149-556F8166E6D4}"
EndProject
Global
	GlobalSection(SolutionConfigurationPlatforms) = preSolution
		Debug|Any CPU = Debug|Any CPU
		Release|Any CPU = Release|Any CPU
	EndGlobalSection
	GlobalSection(ProjectConfigurationPlatforms) = postSolution
		{0F4239B5-8CEB-446B-A149-556F8166E6D4}.Debug|Any CPU.ActiveCfg = Debug|Any CPU
		{0F4239B5-8CEB-446B-A149-556F8166E6D4}.Debug|Any CPU.Build.0 = Debug|Any CPU
		{0F4239B5-8CEB-446B-A149-556F8166E6D4}.Release|Any CPU.ActiveCfg = Release|Any CPU
		{0F4239B5-8CEB-446B-A149-556F8166E6D4}.Release|Any CPU.Build.0 = Release|Any CPU
	EndGlobalSection
	GlobalSection(SolutionProperties) = preSolution
		HideSolutionNode = FALSE
	EndGlobalSection
	GlobalSection(ExtensibilityGlobals) = postSolution
		SolutionGuid = {C562CD09-5A8A-4936-8E7C-5F78F77A04AE}
	EndGlobalSection
EndGlobal
